
Microsoft Visual Studio Solution File, Format Version 12.00
# Visual Studio Version 16
VisualStudioVersion = 16.0.30611.23
MinimumVisualStudioVersion = 10.0.40219.1
Project("{9A19103F-16F7-4668-BE54-9A1E7A4F7556}") = "Lists", "Lists\Lists.csproj", "{F7E678BE-D657-4F3A-8D8B-1F91A8130EF0}"
EndProject
Project("{9A19103F-16F7-4668-BE54-9A1E7A4F7556}") = "dogs", "dods\dogs.csproj", "{63A59B79-0CB3-4989-BD12-BBE84BD43590}"
EndProject
Project("{FAE04EC0-301F-11D3-BF4B-00C04F79EFBC}") = "ListsTests", "ListsTests\ListsTests.csproj", "{71F02185-0749-4449-AF4A-5A5F56429539}"
EndProject
Global
	GlobalSection(SolutionConfigurationPlatforms) = preSolution
		Debug|Any CPU = Debug|Any CPU
		Release|Any CPU = Release|Any CPU
	EndGlobalSection
	GlobalSection(ProjectConfigurationPlatforms) = postSolution
		{F7E678BE-D657-4F3A-8D8B-1F91A8130EF0}.Debug|Any CPU.ActiveCfg = Debug|Any CPU
		{F7E678BE-D657-4F3A-8D8B-1F91A8130EF0}.Debug|Any CPU.Build.0 = Debug|Any CPU
		{F7E678BE-D657-4F3A-8D8B-1F91A8130EF0}.Release|Any CPU.ActiveCfg = Release|Any CPU
		{F7E678BE-D657-4F3A-8D8B-1F91A8130EF0}.Release|Any CPU.Build.0 = Release|Any CPU
		{63A59B79-0CB3-4989-BD12-BBE84BD43590}.Debug|Any CPU.ActiveCfg = Debug|Any CPU
		{63A59B79-0CB3-4989-BD12-BBE84BD43590}.Debug|Any CPU.Build.0 = Debug|Any CPU
		{63A59B79-0CB3-4989-BD12-BBE84BD43590}.Release|Any CPU.ActiveCfg = Release|Any CPU
		{63A59B79-0CB3-4989-BD12-BBE84BD43590}.Release|Any CPU.Build.0 = Release|Any CPU
		{71F02185-0749-4449-AF4A-5A5F56429539}.Debug|Any CPU.ActiveCfg = Debug|Any CPU
		{71F02185-0749-4449-AF4A-5A5F56429539}.Debug|Any CPU.Build.0 = Debug|Any CPU
		{71F02185-0749-4449-AF4A-5A5F56429539}.Release|Any CPU.ActiveCfg = Release|Any CPU
		{71F02185-0749-4449-AF4A-5A5F56429539}.Release|Any CPU.Build.0 = Release|Any CPU
	EndGlobalSection
	GlobalSection(SolutionProperties) = preSolution
		HideSolutionNode = FALSE
	EndGlobalSection
	GlobalSection(ExtensibilityGlobals) = postSolution
		SolutionGuid = {2128BEBE-E27B-4D43-8479-221CE90D73E8}
	EndGlobalSection
EndGlobal
